# This file is automatically @generated by Cargo.
# It is not intended for manual editing.
version = 4

[[package]]
name = "ch01_hello_world"
version = "0.1.0"

[[package]]
name = "ch02_guessing_game"
version = "0.1.0"

[[package]]
name = "ch03_common_concepts"
version = "0.1.0"

[[package]]
name = "ch04_ownership"
version = "0.1.0"

[[package]]
name = "ch05_structs"
version = "0.1.0"

[[package]]
name = "ch06_enums"
version = "0.1.0"

[[package]]
name = "ch07_modules"
version = "0.1.0"

[[package]]
name = "ch08_collections"
version = "0.1.0"

[[package]]
name = "ch09_error_handling"
version = "0.1.0"

[[package]]
name = "ch10_generics_traits_lifetimes"
version = "0.1.0"

[[package]]
name = "ch11_testing"
version = "0.1.0"

[[package]]
name = "ch12_io_project"
version = "0.1.0"

[[package]]
name = "ch13_functional_features"
version = "0.1.0"

[[package]]
name = "ch14_cargo_and_crates"
version = "0.1.0"

[[package]]
name = "ch15_smart_pointers"
version = "0.1.0"

[[package]]
name = "ch16_concurrency"
version = "0.1.0"

[[package]]
name = "ch17_oop"
version = "0.1.0"

[[package]]
name = "ch18_patterns"
version = "0.1.0"

[[package]]
name = "ch19_advanced"
version = "0.1.0"

[[package]]
name = "ch20_final_project"
version = "0.1.0"
